
Microsoft Visual Studio Solution File, Format Version 12.00
# Visual Studio Version 17
VisualStudioVersion = 17.12.35728.132
MinimumVisualStudioVersion = 10.0.40219.1
Project("{FAE04EC0-301F-11D3-BF4B-00C04F79EFBC}") = "WebApplication1", "WebApplication1\WebApplication1.csproj", "{05E5D2F3-0B82-4DF8-9977-3BE92E1716B0}"
EndProject
Project("{FAE04EC0-301F-11D3-BF4B-00C04F79EFBC}") = "Data.Model", "..\Framework\Data.Library\Data.Model.csproj", "{69F373F3-E163-4E3D-9B7B-5E28D6576E39}"
EndProject
Project("{2150E333-8FDC-42A3-9474-1A3956D46DE8}") = "Framewok", "Framewok", "{A3C8CECD-7BD7-4603-9E53-FB7AC3B5E0CC}"
EndProject
Project("{FAE04EC0-301F-11D3-BF4B-00C04F79EFBC}") = "Data.Repository", "..\Framework\Data.Repository\Data.Repository.csproj", "{5EC93501-ADF6-4A37-AA6A-0A8373FBCFA9}"
EndProject
Global
	GlobalSection(SolutionConfigurationPlatforms) = preSolution
		Debug|Any CPU = Debug|Any CPU
		Release|Any CPU = Release|Any CPU
	EndGlobalSection
	GlobalSection(ProjectConfigurationPlatforms) = postSolution
		{05E5D2F3-0B82-4DF8-9977-3BE92E1716B0}.Debug|Any CPU.ActiveCfg = Debug|Any CPU
		{05E5D2F3-0B82-4DF8-9977-3BE92E1716B0}.Debug|Any CPU.Build.0 = Debug|Any CPU
		{05E5D2F3-0B82-4DF8-9977-3BE92E1716B0}.Release|Any CPU.ActiveCfg = Release|Any CPU
		{05E5D2F3-0B82-4DF8-9977-3BE92E1716B0}.Release|Any CPU.Build.0 = Release|Any CPU
		{69F373F3-E163-4E3D-9B7B-5E28D6576E39}.Debug|Any CPU.ActiveCfg = Debug|Any CPU
		{69F373F3-E163-4E3D-9B7B-5E28D6576E39}.Debug|Any CPU.Build.0 = Debug|Any CPU
		{69F373F3-E163-4E3D-9B7B-5E28D6576E39}.Release|Any CPU.ActiveCfg = Release|Any CPU
		{69F373F3-E163-4E3D-9B7B-5E28D6576E39}.Release|Any CPU.Build.0 = Release|Any CPU
		{5EC93501-ADF6-4A37-AA6A-0A8373FBCFA9}.Debug|Any CPU.ActiveCfg = Debug|Any CPU
		{5EC93501-ADF6-4A37-AA6A-0A8373FBCFA9}.Debug|Any CPU.Build.0 = Debug|Any CPU
		{5EC93501-ADF6-4A37-AA6A-0A8373FBCFA9}.Release|Any CPU.ActiveCfg = Release|Any CPU
		{5EC93501-ADF6-4A37-AA6A-0A8373FBCFA9}.Release|Any CPU.Build.0 = Release|Any CPU
	EndGlobalSection
	GlobalSection(SolutionProperties) = preSolution
		HideSolutionNode = FALSE
	EndGlobalSection
	GlobalSection(NestedProjects) = preSolution
		{69F373F3-E163-4E3D-9B7B-5E28D6576E39} = {A3C8CECD-7BD7-4603-9E53-FB7AC3B5E0CC}
		{5EC93501-ADF6-4A37-AA6A-0A8373FBCFA9} = {A3C8CECD-7BD7-4603-9E53-FB7AC3B5E0CC}
	EndGlobalSection
EndGlobal
